
Microsoft Visual Studio Solution File, Format Version 12.00
# Visual Studio Version 17
VisualStudioVersion = 17.9.34622.214
MinimumVisualStudioVersion = 10.0.40219.1
Project("{9A19103F-16F7-4668-BE54-9A1E7A4F7556}") = "Beffyman.DsvParser", "src\Beffyman.DsvParser\Beffyman.DsvParser.csproj", "{A0F6E439-400A-4DA4-B838-3715A24C7597}"
EndProject
Project("{2150E333-8FDC-42A3-9474-1A3956D46DE8}") = "src", "src", "{D868A99A-23F1-4FF2-B760-5886E8F5B2D3}"
EndProject
Project("{2150E333-8FDC-42A3-9474-1A3956D46DE8}") = "Solution Items", "Solution Items", "{57C20255-89B5-44B0-82F7-B5A32C2EDFB6}"
	ProjectSection(SolutionItems) = preProject
		.editorconfig = .editorconfig
		.gitignore = .gitignore
		after.Beffyman.DsvParser.sln.targets = after.Beffyman.DsvParser.sln.targets
		Directory.Build.props = Directory.Build.props
		Directory.Build.targets = Directory.Build.targets
		global.json = global.json
		LICENSE = LICENSE
		README.md = README.md
	EndProjectSection
EndProject
Project("{2150E333-8FDC-42A3-9474-1A3956D46DE8}") = "tests", "tests", "{A1EC2659-565E-46F1-A279-08900BC386F6}"
EndProject
Project("{9A19103F-16F7-4668-BE54-9A1E7A4F7556}") = "Beffyman.DsvParser.Performance", "tests\Beffyman.DsvParser.Performance\Beffyman.DsvParser.Performance.csproj", "{62F0A247-B876-4C75-83A9-A6D7DB73A062}"
EndProject
Project("{9A19103F-16F7-4668-BE54-9A1E7A4F7556}") = "Beffyman.DsvParser.Profiler", "tests\Beffyman.DsvParser.Profiler\Beffyman.DsvParser.Profiler.csproj", "{8E640E68-8AD2-4BD9-8247-DA351C7AA8B3}"
EndProject
Project("{9A19103F-16F7-4668-BE54-9A1E7A4F7556}") = "Beffyman.DsvParser.Tests", "tests\Beffyman.DsvParser.Tests\Beffyman.DsvParser.Tests.csproj", "{88772536-0F5E-4DAC-9078-59DE5D8BD7AA}"
EndProject
Project("{9A19103F-16F7-4668-BE54-9A1E7A4F7556}") = "_build", "build\_build.csproj", "{7E3917F7-6C5E-45AA-9D25-5E7D6348EC76}"
EndProject
Project("{2150E333-8FDC-42A3-9474-1A3956D46DE8}") = "build", "build", "{7492C782-51AE-4C98-9361-EDAA1FBA9FAE}"
EndProject
Global
	GlobalSection(SolutionConfigurationPlatforms) = preSolution
		Debug|Any CPU = Debug|Any CPU
		Release|Any CPU = Release|Any CPU
	EndGlobalSection
	GlobalSection(ProjectConfigurationPlatforms) = postSolution
		{A0F6E439-400A-4DA4-B838-3715A24C7597}.Debug|Any CPU.ActiveCfg = Debug|Any CPU
		{A0F6E439-400A-4DA4-B838-3715A24C7597}.Debug|Any CPU.Build.0 = Debug|Any CPU
		{A0F6E439-400A-4DA4-B838-3715A24C7597}.Release|Any CPU.ActiveCfg = Release|Any CPU
		{A0F6E439-400A-4DA4-B838-3715A24C7597}.Release|Any CPU.Build.0 = Release|Any CPU
		{62F0A247-B876-4C75-83A9-A6D7DB73A062}.Debug|Any CPU.ActiveCfg = Debug|Any CPU
		{62F0A247-B876-4C75-83A9-A6D7DB73A062}.Debug|Any CPU.Build.0 = Debug|Any CPU
		{62F0A247-B876-4C75-83A9-A6D7DB73A062}.Release|Any CPU.ActiveCfg = Release|Any CPU
		{62F0A247-B876-4C75-83A9-A6D7DB73A062}.Release|Any CPU.Build.0 = Release|Any CPU
		{8E640E68-8AD2-4BD9-8247-DA351C7AA8B3}.Debug|Any CPU.ActiveCfg = Debug|Any CPU
		{8E640E68-8AD2-4BD9-8247-DA351C7AA8B3}.Debug|Any CPU.Build.0 = Debug|Any CPU
		{8E640E68-8AD2-4BD9-8247-DA351C7AA8B3}.Release|Any CPU.ActiveCfg = Release|Any CPU
		{8E640E68-8AD2-4BD9-8247-DA351C7AA8B3}.Release|Any CPU.Build.0 = Release|Any CPU
		{88772536-0F5E-4DAC-9078-59DE5D8BD7AA}.Debug|Any CPU.ActiveCfg = Debug|Any CPU
		{88772536-0F5E-4DAC-9078-59DE5D8BD7AA}.Debug|Any CPU.Build.0 = Debug|Any CPU
		{88772536-0F5E-4DAC-9078-59DE5D8BD7AA}.Release|Any CPU.ActiveCfg = Release|Any CPU
		{88772536-0F5E-4DAC-9078-59DE5D8BD7AA}.Release|Any CPU.Build.0 = Release|Any CPU
		{7E3917F7-6C5E-45AA-9D25-5E7D6348EC76}.Debug|Any CPU.ActiveCfg = Debug|Any CPU
		{7E3917F7-6C5E-45AA-9D25-5E7D6348EC76}.Release|Any CPU.ActiveCfg = Release|Any CPU
	EndGlobalSection
	GlobalSection(SolutionProperties) = preSolution
		HideSolutionNode = FALSE
	EndGlobalSection
	GlobalSection(NestedProjects) = preSolution
		{A0F6E439-400A-4DA4-B838-3715A24C7597} = {D868A99A-23F1-4FF2-B760-5886E8F5B2D3}
		{62F0A247-B876-4C75-83A9-A6D7DB73A062} = {A1EC2659-565E-46F1-A279-08900BC386F6}
		{8E640E68-8AD2-4BD9-8247-DA351C7AA8B3} = {A1EC2659-565E-46F1-A279-08900BC386F6}
		{88772536-0F5E-4DAC-9078-59DE5D8BD7AA} = {A1EC2659-565E-46F1-A279-08900BC386F6}
		{7E3917F7-6C5E-45AA-9D25-5E7D6348EC76} = {7492C782-51AE-4C98-9361-EDAA1FBA9FAE}
	EndGlobalSection
	GlobalSection(ExtensibilityGlobals) = postSolution
		SolutionGuid = {BD64A537-6D97-4C04-92D0-B532561C4DAD}
	EndGlobalSection
EndGlobal
